
Microsoft Visual Studio Solution File, Format Version 12.00
# Visual Studio Version 16
VisualStudioVersion = 16.0.30413.136
MinimumVisualStudioVersion = 10.0.40219.1
Project("{FAE04EC0-301F-11D3-BF4B-00C04F79EFBC}") = "RefInformation", "RefInformation\RefInformation.csproj", "{13797EA5-EE2A-4F97-93BB-E1AC7B1EBB8B}"
EndProject
Project("{FAE04EC0-301F-11D3-BF4B-00C04F79EFBC}") = "OnlineCalculator", "OnlineCalculator\OnlineCalculator.csproj", "{ADDBAFEB-E966-48C0-BD5E-C8E9BE8037DF}"
EndProject
Project("{FAE04EC0-301F-11D3-BF4B-00C04F79EFBC}") = "CalculateonAreaOfConeAndCylinder", "CalculateonAreaOfConeAndCylinder\CalculateonAreaOfConeAndCylinder.csproj", "{E2AFCB97-E36A-4917-AF10-120BFE45209D}"
EndProject
Project("{FAE04EC0-301F-11D3-BF4B-00C04F79EFBC}") = "CalculationCapacityConeAndСylinder", "CalculationCapacityConeAndСylinder\CalculationCapacityConeAndСylinder.csproj", "{8F96037C-CEE3-46A4-9CCC-0E7459413B14}"
EndProject
Project("{FAE04EC0-301F-11D3-BF4B-00C04F79EFBC}") = "SAW_WebForm", "SAW_WebForm\SAW_WebForm.csproj", "{27B60B07-E576-4C10-B9AF-590F5DC44742}"
EndProject
Global
	GlobalSection(SolutionConfigurationPlatforms) = preSolution
		Debug|Any CPU = Debug|Any CPU
		Release|Any CPU = Release|Any CPU
	EndGlobalSection
	GlobalSection(ProjectConfigurationPlatforms) = postSolution
		{13797EA5-EE2A-4F97-93BB-E1AC7B1EBB8B}.Debug|Any CPU.ActiveCfg = Debug|Any CPU
		{13797EA5-EE2A-4F97-93BB-E1AC7B1EBB8B}.Debug|Any CPU.Build.0 = Debug|Any CPU
		{13797EA5-EE2A-4F97-93BB-E1AC7B1EBB8B}.Release|Any CPU.ActiveCfg = Release|Any CPU
		{13797EA5-EE2A-4F97-93BB-E1AC7B1EBB8B}.Release|Any CPU.Build.0 = Release|Any CPU
		{ADDBAFEB-E966-48C0-BD5E-C8E9BE8037DF}.Debug|Any CPU.ActiveCfg = Debug|Any CPU
		{ADDBAFEB-E966-48C0-BD5E-C8E9BE8037DF}.Debug|Any CPU.Build.0 = Debug|Any CPU
		{ADDBAFEB-E966-48C0-BD5E-C8E9BE8037DF}.Release|Any CPU.ActiveCfg = Release|Any CPU
		{ADDBAFEB-E966-48C0-BD5E-C8E9BE8037DF}.Release|Any CPU.Build.0 = Release|Any CPU
		{E2AFCB97-E36A-4917-AF10-120BFE45209D}.Debug|Any CPU.ActiveCfg = Debug|Any CPU
		{E2AFCB97-E36A-4917-AF10-120BFE45209D}.Debug|Any CPU.Build.0 = Debug|Any CPU
		{E2AFCB97-E36A-4917-AF10-120BFE45209D}.Release|Any CPU.ActiveCfg = Release|Any CPU
		{E2AFCB97-E36A-4917-AF10-120BFE45209D}.Release|Any CPU.Build.0 = Release|Any CPU
		{8F96037C-CEE3-46A4-9CCC-0E7459413B14}.Debug|Any CPU.ActiveCfg = Debug|Any CPU
		{8F96037C-CEE3-46A4-9CCC-0E7459413B14}.Debug|Any CPU.Build.0 = Debug|Any CPU
		{8F96037C-CEE3-46A4-9CCC-0E7459413B14}.Release|Any CPU.ActiveCfg = Release|Any CPU
		{8F96037C-CEE3-46A4-9CCC-0E7459413B14}.Release|Any CPU.Build.0 = Release|Any CPU
		{27B60B07-E576-4C10-B9AF-590F5DC44742}.Debug|Any CPU.ActiveCfg = Debug|Any CPU
		{27B60B07-E576-4C10-B9AF-590F5DC44742}.Debug|Any CPU.Build.0 = Debug|Any CPU
		{27B60B07-E576-4C10-B9AF-590F5DC44742}.Release|Any CPU.ActiveCfg = Release|Any CPU
		{27B60B07-E576-4C10-B9AF-590F5DC44742}.Release|Any CPU.Build.0 = Release|Any CPU
	EndGlobalSection
	GlobalSection(SolutionProperties) = preSolution
		HideSolutionNode = FALSE
	EndGlobalSection
	GlobalSection(ExtensibilityGlobals) = postSolution
		SolutionGuid = {5C1F9BF6-2802-4BE1-A06D-00BF5EBCEC66}
	EndGlobalSection
EndGlobal
